<?xml version="1.0" encoding="utf-8"?>
<Project ToolsVersion="4.0" xmlns="http://schemas.microsoft.com/developer/msbuild/2003">
  <ItemGroup>
    <ClCompile Include="ModuleRender.cpp">
      <Filter>SDL_Modules</Filter>
    </ClCompile>
    <ClCompile Include="ModuleScene.cpp">
      <Filter>SDL_Modules</Filter>
    </ClCompile>
    <ClCompile Include="ModuleWindow.cpp">
      <Filter>SDL_Modules</Filter>
    </ClCompile>
    <ClCompile Include="ModuleInput.cpp">
      <Filter>SDL_Modules</Filter>
    </ClCompile>
    <ClCompile Include="Main.cpp">
      <Filter>SDL_Modules</Filter>
    </ClCompile>
    <ClCompile Include="Application.cpp">
      <Filter>SDL_Modules</Filter>
    </ClCompile>
    <ClCompile Include="log.cpp">
      <Filter>Tools</Filter>
    </ClCompile>
    <ClCompile Include="j1PerfTimer.cpp">
      <Filter>Tools</Filter>
    </ClCompile>
    <ClCompile Include="j1Timer.cpp">
      <Filter>Tools</Filter>
    </ClCompile>
    <ClCompile Include="ModulePhysics.cpp">
      <Filter>Physics</Filter>
    </ClCompile>
  </ItemGroup>
  <ItemGroup>
    <ClInclude Include="p2SString.h">
      <Filter>Tools</Filter>
    </ClInclude>
    <ClInclude Include="p2Point.h">
      <Filter>Tools</Filter>
    </ClInclude>
    <ClInclude Include="p2List.h">
      <Filter>Tools</Filter>
    </ClInclude>
    <ClInclude Include="p2DynArray.h">
      <Filter>Tools</Filter>
    </ClInclude>
    <ClInclude Include="p2Defs.h">
      <Filter>Tools</Filter>
    </ClInclude>
    <ClInclude Include="ModuleWindow.h">
      <Filter>SDL_Modules</Filter>
    </ClInclude>
    <ClInclude Include="ModuleRender.h">
      <Filter>SDL_Modules</Filter>
    </ClInclude>
    <ClInclude Include="ModuleScene.h">
      <Filter>SDL_Modules</Filter>
    </ClInclude>
    <ClInclude Include="ModuleInput.h">
      <Filter>SDL_Modules</Filter>
    </ClInclude>
    <ClInclude Include="Module.h">
      <Filter>SDL_Modules</Filter>
    </ClInclude>
    <ClInclude Include="Application.h">
      <Filter>SDL_Modules</Filter>
    </ClInclude>
    <ClInclude Include="Globals.h">
      <Filter>Defs</Filter>
    </ClInclude>
    <ClInclude Include="j1PerfTimer.h">
      <Filter>Tools</Filter>
    </ClInclude>
    <ClInclude Include="j1Timer.h">
      <Filter>Tools</Filter>
    </ClInclude>
    <ClInclude Include="ModulePhysics.h">
      <Filter>Physics</Filter>
    </ClInclude>
    <ClInclude Include="eulerIntegrator.h">
      <Filter>Physics</Filter>
    </ClInclude>
  </ItemGroup>
  <ItemGroup>
    <Filter Include="Tools">
      <UniqueIdentifier>{8a45a162-68a2-4813-9cd6-4559901ec272}</UniqueIdentifier>
    </Filter>
    <Filter Include="SDL_Modules">
      <UniqueIdentifier>{e7018923-7d38-4abe-a976-c77bde8430d7}</UniqueIdentifier>
    </Filter>
    <Filter Include="Defs">
      <UniqueIdentifier>{f9aa541d-dafb-4188-a295-637aad77d073}</UniqueIdentifier>
    </Filter>
    <Filter Include="Physics">
      <UniqueIdentifier>{b069fc21-be75-4b9d-a885-13bab3842eee}</UniqueIdentifier>
    </Filter>
  </ItemGroup>
</Project>