
Microsoft Visual Studio Solution File, Format Version 12.00
# Visual Studio Version 16
VisualStudioVersion = 16.0.29025.244
MinimumVisualStudioVersion = 10.0.40219.1
Project("{8BC9CEB8-8B4A-11D0-8D11-00A0C91BC942}") = "Integrator", "Integrator\Integrator.vcxproj", "{88303B8C-107D-4CBA-9A77-32117FE4D73C}"
EndProject
Global
	GlobalSection(SolutionConfigurationPlatforms) = preSolution
		Debug|x64 = Debug|x64
		Debug|x86 = Debug|x86
		Release|x64 = Release|x64
		Release|x86 = Release|x86
	EndGlobalSection
	GlobalSection(ProjectConfigurationPlatforms) = postSolution
		{88303B8C-107D-4CBA-9A77-32117FE4D73C}.Debug|x64.ActiveCfg = Debug|x64
		{88303B8C-107D-4CBA-9A77-32117FE4D73C}.Debug|x64.Build.0 = Debug|x64
		{88303B8C-107D-4CBA-9A77-32117FE4D73C}.Debug|x86.ActiveCfg = Debug|Win32
		{88303B8C-107D-4CBA-9A77-32117FE4D73C}.Debug|x86.Build.0 = Debug|Win32
		{88303B8C-107D-4CBA-9A77-32117FE4D73C}.Release|x64.ActiveCfg = Release|x64
		{88303B8C-107D-4CBA-9A77-32117FE4D73C}.Release|x64.Build.0 = Release|x64
		{88303B8C-107D-4CBA-9A77-32117FE4D73C}.Release|x86.ActiveCfg = Release|Win32
		{88303B8C-107D-4CBA-9A77-32117FE4D73C}.Release|x86.Build.0 = Release|Win32
	EndGlobalSection
	GlobalSection(SolutionProperties) = preSolution
		HideSolutionNode = FALSE
	EndGlobalSection
	GlobalSection(ExtensibilityGlobals) = postSolution
		SolutionGuid = {D3AF4613-3DFE-49E5-AD0A-FD9B1520A2EB}
	EndGlobalSection
EndGlobal
